// !$*UTF8*$!
{
	archiveVersion = 1;
	classes = {
	};
	objectVersion = 50;
	objects = {

/* Begin PBXBuildFile section */
		0D963BFF20A6F24E0015425B /* AppDelegate.m in Sources */ = {isa = PBXBuildFile; fileRef = 0D963BFE20A6F24E0015425B /* AppDelegate.m */; };
		0D963C0520A6F24F0015425B /* Main.storyboard in Resources */ = {isa = PBXBuildFile; fileRef = 0D963C0320A6F24F0015425B /* Main.storyboard */; };
		0D963C0720A6F24F0015425B /* Assets.xcassets in Resources */ = {isa = PBXBuildFile; fileRef = 0D963C0620A6F24F0015425B /* Assets.xcassets */; };
		0D963C0A20A6F24F0015425B /* LaunchScreen.storyboard in Resources */ = {isa = PBXBuildFile; fileRef = 0D963C0820A6F24F0015425B /* LaunchScreen.storyboard */; };
		0D963C0D20A6F24F0015425B /* main.m in Sources */ = {isa = PBXBuildFile; fileRef = 0D963C0C20A6F24F0015425B /* main.m */; };
		0D963C1720A6F2500015425B /* MoodTests.m in Sources */ = {isa = PBXBuildFile; fileRef = 0D963C1620A6F2500015425B /* MoodTests.m */; };
		0D963C2220A6F2500015425B /* MoodUITests.m in Sources */ = {isa = PBXBuildFile; fileRef = 0D963C2120A6F2500015425B /* MoodUITests.m */; };
		0DB7ABC320A7117B003CFCC1 /* MainViewController.m in Sources */ = {isa = PBXBuildFile; fileRef = 0DB7ABC220A7117B003CFCC1 /* MainViewController.m */; };
		0DB7ABC620A7118F003CFCC1 /* SettingsViewController.m in Sources */ = {isa = PBXBuildFile; fileRef = 0DB7ABC520A7118F003CFCC1 /* SettingsViewController.m */; };
		0DDFC06220A7E3BC009D56A8 /* PageViewController.m in Sources */ = {isa = PBXBuildFile; fileRef = 0DDFC06120A7E3BC009D56A8 /* PageViewController.m */; };
		0DDFC06520A7E5C2009D56A8 /* MyViewController.m in Sources */ = {isa = PBXBuildFile; fileRef = 0DDFC06420A7E5C2009D56A8 /* MyViewController.m */; };
		0DDFC06820A7E81E009D56A8 /* HistoricalDataViewController.m in Sources */ = {isa = PBXBuildFile; fileRef = 0DDFC06720A7E81E009D56A8 /* HistoricalDataViewController.m */; };
/* End PBXBuildFile section */

/* Begin PBXContainerItemProxy section */
		0D963C1320A6F2500015425B /* PBXContainerItemProxy */ = {
			isa = PBXContainerItemProxy;
			containerPortal = 0D963BF220A6F24E0015425B /* Project object */;
			proxyType = 1;
			remoteGlobalIDString = 0D963BF920A6F24E0015425B;
			remoteInfo = Mood;
		};
		0D963C1E20A6F2500015425B /* PBXContainerItemProxy */ = {
			isa = PBXContainerItemProxy;
			containerPortal = 0D963BF220A6F24E0015425B /* Project object */;
			proxyType = 1;
			remoteGlobalIDString = 0D963BF920A6F24E0015425B;
			remoteInfo = Mood;
		};
/* End PBXContainerItemProxy section */

/* Begin PBXFileReference section */
		0D963BFA20A6F24E0015425B /* Mood.app */ = {isa = PBXFileReference; explicitFileType = wrapper.application; includeInIndex = 0; path = Mood.app; sourceTree = BUILT_PRODUCTS_DIR; };
		0D963BFD20A6F24E0015425B /* AppDelegate.h */ = {isa = PBXFileReference; lastKnownFileType = sourcecode.c.h; path = AppDelegate.h; sourceTree = "<group>"; };
		0D963BFE20A6F24E0015425B /* AppDelegate.m */ = {isa = PBXFileReference; lastKnownFileType = sourcecode.c.objc; path = AppDelegate.m; sourceTree = "<group>"; };
		0D963C0420A6F24F0015425B /* Base */ = {isa = PBXFileReference; lastKnownFileType = file.storyboard; name = Base; path = Base.lproj/Main.storyboard; sourceTree = "<group>"; };
		0D963C0620A6F24F0015425B /* Assets.xcassets */ = {isa = PBXFileReference; lastKnownFileType = folder.assetcatalog; path = Assets.xcassets; sourceTree = "<group>"; };
		0D963C0920A6F24F0015425B /* Base */ = {isa = PBXFileReference; lastKnownFileType = file.storyboard; name = Base; path = Base.lproj/LaunchScreen.storyboard; sourceTree = "<group>"; };
		0D963C0B20A6F24F0015425B /* Info.plist */ = {isa = PBXFileReference; lastKnownFileType = text.plist.xml; path = Info.plist; sourceTree = "<group>"; };
		0D963C0C20A6F24F0015425B /* main.m */ = {isa = PBXFileReference; lastKnownFileType = sourcecode.c.objc; path = main.m; sourceTree = "<group>"; };
		0D963C1220A6F2500015425B /* MoodTests.xctest */ = {isa = PBXFileReference; explicitFileType = wrapper.cfbundle; includeInIndex = 0; path = MoodTests.xctest; sourceTree = BUILT_PRODUCTS_DIR; };
		0D963C1620A6F2500015425B /* MoodTests.m */ = {isa = PBXFileReference; lastKnownFileType = sourcecode.c.objc; path = MoodTests.m; sourceTree = "<group>"; };
		0D963C1820A6F2500015425B /* Info.plist */ = {isa = PBXFileReference; lastKnownFileType = text.plist.xml; path = Info.plist; sourceTree = "<group>"; };
		0D963C1D20A6F2500015425B /* MoodUITests.xctest */ = {isa = PBXFileReference; explicitFileType = wrapper.cfbundle; includeInIndex = 0; path = MoodUITests.xctest; sourceTree = BUILT_PRODUCTS_DIR; };
		0D963C2120A6F2500015425B /* MoodUITests.m */ = {isa = PBXFileReference; lastKnownFileType = sourcecode.c.objc; path = MoodUITests.m; sourceTree = "<group>"; };
		0D963C2320A6F2500015425B /* Info.plist */ = {isa = PBXFileReference; lastKnownFileType = text.plist.xml; path = Info.plist; sourceTree = "<group>"; };
		0DB7ABC120A7117B003CFCC1 /* MainViewController.h */ = {isa = PBXFileReference; lastKnownFileType = sourcecode.c.h; path = MainViewController.h; sourceTree = "<group>"; };
		0DB7ABC220A7117B003CFCC1 /* MainViewController.m */ = {isa = PBXFileReference; lastKnownFileType = sourcecode.c.objc; path = MainViewController.m; sourceTree = "<group>"; };
		0DB7ABC420A7118F003CFCC1 /* SettingsViewController.h */ = {isa = PBXFileReference; lastKnownFileType = sourcecode.c.h; path = SettingsViewController.h; sourceTree = "<group>"; };
		0DB7ABC520A7118F003CFCC1 /* SettingsViewController.m */ = {isa = PBXFileReference; lastKnownFileType = sourcecode.c.objc; path = SettingsViewController.m; sourceTree = "<group>"; };
		0DDFC06020A7E3BC009D56A8 /* PageViewController.h */ = {isa = PBXFileReference; lastKnownFileType = sourcecode.c.h; path = PageViewController.h; sourceTree = "<group>"; };
		0DDFC06120A7E3BC009D56A8 /* PageViewController.m */ = {isa = PBXFileReference; lastKnownFileType = sourcecode.c.objc; path = PageViewController.m; sourceTree = "<group>"; };
		0DDFC06320A7E5C2009D56A8 /* MyViewController.h */ = {isa = PBXFileReference; lastKnownFileType = sourcecode.c.h; path = MyViewController.h; sourceTree = "<group>"; };
		0DDFC06420A7E5C2009D56A8 /* MyViewController.m */ = {isa = PBXFileReference; lastKnownFileType = sourcecode.c.objc; path = MyViewController.m; sourceTree = "<group>"; };
		0DDFC06620A7E81E009D56A8 /* HistoricalDataViewController.h */ = {isa = PBXFileReference; lastKnownFileType = sourcecode.c.h; path = HistoricalDataViewController.h; sourceTree = "<group>"; };
		0DDFC06720A7E81E009D56A8 /* HistoricalDataViewController.m */ = {isa = PBXFileReference; lastKnownFileType = sourcecode.c.objc; path = HistoricalDataViewController.m; sourceTree = "<group>"; };
/* End PBXFileReference section */

/* Begin PBXFrameworksBuildPhase section */
		0D963BF720A6F24E0015425B /* Frameworks */ = {
			isa = PBXFrameworksBuildPhase;
			buildActionMask = 2147483647;
			files = (
			);
			runOnlyForDeploymentPostprocessing = 0;
		};
		0D963C0F20A6F2500015425B /* Frameworks */ = {
			isa = PBXFrameworksBuildPhase;
			buildActionMask = 2147483647;
			files = (
			);
			runOnlyForDeploymentPostprocessing = 0;
		};
		0D963C1A20A6F2500015425B /* Frameworks */ = {
			isa = PBXFrameworksBuildPhase;
			buildActionMask = 2147483647;
			files = (
			);
			runOnlyForDeploymentPostprocessing = 0;
		};
/* End PBXFrameworksBuildPhase section */

/* Begin PBXGroup section */
		0D963BF120A6F24E0015425B = {
			isa = PBXGroup;
			children = (
				0D963BFC20A6F24E0015425B /* Mood */,
				0D963C1520A6F2500015425B /* MoodTests */,
				0D963C2020A6F2500015425B /* MoodUITests */,
				0D963BFB20A6F24E0015425B /* Products */,
			);
			sourceTree = "<group>";
		};
		0D963BFB20A6F24E0015425B /* Products */ = {
			isa = PBXGroup;
			children = (
				0D963BFA20A6F24E0015425B /* Mood.app */,
				0D963C1220A6F2500015425B /* MoodTests.xctest */,
				0D963C1D20A6F2500015425B /* MoodUITests.xctest */,
			);
			name = Products;
			sourceTree = "<group>";
		};
		0D963BFC20A6F24E0015425B /* Mood */ = {
			isa = PBXGroup;
			children = (
				0D963BFD20A6F24E0015425B /* AppDelegate.h */,
				0D963BFE20A6F24E0015425B /* AppDelegate.m */,
				0D963C0320A6F24F0015425B /* Main.storyboard */,
				0D963C0620A6F24F0015425B /* Assets.xcassets */,
				0D963C0820A6F24F0015425B /* LaunchScreen.storyboard */,
				0D963C0B20A6F24F0015425B /* Info.plist */,
				0D963C0C20A6F24F0015425B /* main.m */,
				0DB7ABC120A7117B003CFCC1 /* MainViewController.h */,
				0DDFC06020A7E3BC009D56A8 /* PageViewController.h */,
				0DDFC06320A7E5C2009D56A8 /* MyViewController.h */,
				0DDFC06620A7E81E009D56A8 /* HistoricalDataViewController.h */,
				0DDFC06720A7E81E009D56A8 /* HistoricalDataViewController.m */,
				0DDFC06420A7E5C2009D56A8 /* MyViewController.m */,
				0DDFC06120A7E3BC009D56A8 /* PageViewController.m */,
				0DB7ABC220A7117B003CFCC1 /* MainViewController.m */,
				0DB7ABC420A7118F003CFCC1 /* SettingsViewController.h */,
				0DB7ABC520A7118F003CFCC1 /* SettingsViewController.m */,
			);
			path = Mood;
			sourceTree = "<group>";
		};
		0D963C1520A6F2500015425B /* MoodTests */ = {
			isa = PBXGroup;
			children = (
				0D963C1620A6F2500015425B /* MoodTests.m */,
				0D963C1820A6F2500015425B /* Info.plist */,
			);
			path = MoodTests;
			sourceTree = "<group>";
		};
		0D963C2020A6F2500015425B /* MoodUITests */ = {
			isa = PBXGroup;
			children = (
				0D963C2120A6F2500015425B /* MoodUITests.m */,
				0D963C2320A6F2500015425B /* Info.plist */,
			);
			path = MoodUITests;
			sourceTree = "<group>";
		};
/* End PBXGroup section */

/* Begin PBXNativeTarget section */
		0D963BF920A6F24E0015425B /* Mood */ = {
			isa = PBXNativeTarget;
			buildConfigurationList = 0D963C2620A6F2500015425B /* Build configuration list for PBXNativeTarget "Mood" */;
			buildPhases = (
				0D963BF620A6F24E0015425B /* Sources */,
				0D963BF720A6F24E0015425B /* Frameworks */,
				0D963BF820A6F24E0015425B /* Resources */,
			);
			buildRules = (
			);
			dependencies = (
			);
			name = Mood;
			productName = Mood;
			productReference = 0D963BFA20A6F24E0015425B /* Mood.app */;
			productType = "com.apple.product-type.application";
		};
		0D963C1120A6F2500015425B /* MoodTests */ = {
			isa = PBXNativeTarget;
			buildConfigurationList = 0D963C2920A6F2500015425B /* Build configuration list for PBXNativeTarget "MoodTests" */;
			buildPhases = (
				0D963C0E20A6F2500015425B /* Sources */,
				0D963C0F20A6F2500015425B /* Frameworks */,
				0D963C1020A6F2500015425B /* Resources */,
			);
			buildRules = (
			);
			dependencies = (
				0D963C1420A6F2500015425B /* PBXTargetDependency */,
			);
			name = MoodTests;
			productName = MoodTests;
			productReference = 0D963C1220A6F2500015425B /* MoodTests.xctest */;
			productType = "com.apple.product-type.bundle.unit-test";
		};
		0D963C1C20A6F2500015425B /* MoodUITests */ = {
			isa = PBXNativeTarget;
			buildConfigurationList = 0D963C2C20A6F2500015425B /* Build configuration list for PBXNativeTarget "MoodUITests" */;
			buildPhases = (
				0D963C1920A6F2500015425B /* Sources */,
				0D963C1A20A6F2500015425B /* Frameworks */,
				0D963C1B20A6F2500015425B /* Resources */,
			);
			buildRules = (
			);
			dependencies = (
				0D963C1F20A6F2500015425B /* PBXTargetDependency */,
			);
			name = MoodUITests;
			productName = MoodUITests;
			productReference = 0D963C1D20A6F2500015425B /* MoodUITests.xctest */;
			productType = "com.apple.product-type.bundle.ui-testing";
		};
/* End PBXNativeTarget section */

/* Begin PBXProject section */
		0D963BF220A6F24E0015425B /* Project object */ = {
			isa = PBXProject;
			attributes = {
				LastUpgradeCheck = 0930;
				ORGANIZATIONNAME = "Juan Lara";
				TargetAttributes = {
					0D963BF920A6F24E0015425B = {
						CreatedOnToolsVersion = 9.3;
					};
					0D963C1120A6F2500015425B = {
						CreatedOnToolsVersion = 9.3;
						TestTargetID = 0D963BF920A6F24E0015425B;
					};
					0D963C1C20A6F2500015425B = {
						CreatedOnToolsVersion = 9.3;
						TestTargetID = 0D963BF920A6F24E0015425B;
					};
				};
			};
			buildConfigurationList = 0D963BF520A6F24E0015425B /* Build configuration list for PBXProject "Mood" */;
			compatibilityVersion = "Xcode 9.3";
			developmentRegion = en;
			hasScannedForEncodings = 0;
			knownRegions = (
				en,
				Base,
			);
			mainGroup = 0D963BF120A6F24E0015425B;
			productRefGroup = 0D963BFB20A6F24E0015425B /* Products */;
			projectDirPath = "";
			projectRoot = "";
			targets = (
				0D963BF920A6F24E0015425B /* Mood */,
				0D963C1120A6F2500015425B /* MoodTests */,
				0D963C1C20A6F2500015425B /* MoodUITests */,
			);
		};
/* End PBXProject section */

/* Begin PBXResourcesBuildPhase section */
		0D963BF820A6F24E0015425B /* Resources */ = {
			isa = PBXResourcesBuildPhase;
			buildActionMask = 2147483647;
			files = (
				0D963C0A20A6F24F0015425B /* LaunchScreen.storyboard in Resources */,
				0D963C0720A6F24F0015425B /* Assets.xcassets in Resources */,
				0D963C0520A6F24F0015425B /* Main.storyboard in Resources */,
			);
			runOnlyForDeploymentPostprocessing = 0;
		};
		0D963C1020A6F2500015425B /* Resources */ = {
			isa = PBXResourcesBuildPhase;
			buildActionMask = 2147483647;
			files = (
			);
			runOnlyForDeploymentPostprocessing = 0;
		};
		0D963C1B20A6F2500015425B /* Resources */ = {
			isa = PBXResourcesBuildPhase;
			buildActionMask = 2147483647;
			files = (
			);
			runOnlyForDeploymentPostprocessing = 0;
		};
/* End PBXResourcesBuildPhase section */

/* Begin PBXSourcesBuildPhase section */
		0D963BF620A6F24E0015425B /* Sources */ = {
			isa = PBXSourcesBuildPhase;
			buildActionMask = 2147483647;
			files = (
				0D963C0D20A6F24F0015425B /* main.m in Sources */,
				0DB7ABC620A7118F003CFCC1 /* SettingsViewController.m in Sources */,
				0D963BFF20A6F24E0015425B /* AppDelegate.m in Sources */,
				0DDFC06820A7E81E009D56A8 /* HistoricalDataViewController.m in Sources */,
				0DB7ABC320A7117B003CFCC1 /* MainViewController.m in Sources */,
				0DDFC06220A7E3BC009D56A8 /* PageViewController.m in Sources */,
				0DDFC06520A7E5C2009D56A8 /* MyViewController.m in Sources */,
			);
			runOnlyForDeploymentPostprocessing = 0;
		};
		0D963C0E20A6F2500015425B /* Sources */ = {
			isa = PBXSourcesBuildPhase;
			buildActionMask = 2147483647;
			files = (
				0D963C1720A6F2500015425B /* MoodTests.m in Sources */,
			);
			runOnlyForDeploymentPostprocessing = 0;
		};
		0D963C1920A6F2500015425B /* Sources */ = {
			isa = PBXSourcesBuildPhase;
			buildActionMask = 2147483647;
			files = (
				0D963C2220A6F2500015425B /* MoodUITests.m in Sources */,
			);
			runOnlyForDeploymentPostprocessing = 0;
		};
/* End PBXSourcesBuildPhase section */

/* Begin PBXTargetDependency section */
		0D963C1420A6F2500015425B /* PBXTargetDependency */ = {
			isa = PBXTargetDependency;
			target = 0D963BF920A6F24E0015425B /* Mood */;
			targetProxy = 0D963C1320A6F2500015425B /* PBXContainerItemProxy */;
		};
		0D963C1F20A6F2500015425B /* PBXTargetDependency */ = {
			isa = PBXTargetDependency;
			target = 0D963BF920A6F24E0015425B /* Mood */;
			targetProxy = 0D963C1E20A6F2500015425B /* PBXContainerItemProxy */;
		};
/* End PBXTargetDependency section */

/* Begin PBXVariantGroup section */
		0D963C0320A6F24F0015425B /* Main.storyboard */ = {
			isa = PBXVariantGroup;
			children = (
				0D963C0420A6F24F0015425B /* Base */,
			);
			name = Main.storyboard;
			sourceTree = "<group>";
		};
		0D963C0820A6F24F0015425B /* LaunchScreen.storyboard */ = {
			isa = PBXVariantGroup;
			children = (
				0D963C0920A6F24F0015425B /* Base */,
			);
			name = LaunchScreen.storyboard;
			sourceTree = "<group>";
		};
/* End PBXVariantGroup section */

/* Begin XCBuildConfiguration section */
		0D963C2420A6F2500015425B /* Debug */ = {
			isa = XCBuildConfiguration;
			buildSettings = {
				ALWAYS_SEARCH_USER_PATHS = NO;
				CLANG_ANALYZER_NONNULL = YES;
				CLANG_ANALYZER_NUMBER_OBJECT_CONVERSION = YES_AGGRESSIVE;
				CLANG_CXX_LANGUAGE_STANDARD = "gnu++14";
				CLANG_CXX_LIBRARY = "libc++";
				CLANG_ENABLE_MODULES = YES;
				CLANG_ENABLE_OBJC_ARC = YES;
				CLANG_ENABLE_OBJC_WEAK = YES;
				CLANG_WARN_BLOCK_CAPTURE_AUTORELEASING = YES;
				CLANG_WARN_BOOL_CONVERSION = YES;
				CLANG_WARN_COMMA = YES;
				CLANG_WARN_CONSTANT_CONVERSION = YES;
				CLANG_WARN_DEPRECATED_OBJC_IMPLEMENTATIONS = YES;
				CLANG_WARN_DIRECT_OBJC_ISA_USAGE = YES_ERROR;
				CLANG_WARN_DOCUMENTATION_COMMENTS = YES;
				CLANG_WARN_EMPTY_BODY = YES;
				CLANG_WARN_ENUM_CONVERSION = YES;
				CLANG_WARN_INFINITE_RECURSION = YES;
				CLANG_WARN_INT_CONVERSION = YES;
				CLANG_WARN_NON_LITERAL_NULL_CONVERSION = YES;
				CLANG_WARN_OBJC_IMPLICIT_RETAIN_SELF = YES;
				CLANG_WARN_OBJC_LITERAL_CONVERSION = YES;
				CLANG_WARN_OBJC_ROOT_CLASS = YES_ERROR;
				CLANG_WARN_RANGE_LOOP_ANALYSIS = YES;
				CLANG_WARN_STRICT_PROTOTYPES = YES;
				CLANG_WARN_SUSPICIOUS_MOVE = YES;
				CLANG_WARN_UNGUARDED_AVAILABILITY = YES_AGGRESSIVE;
				CLANG_WARN_UNREACHABLE_CODE = YES;
				CLANG_WARN__DUPLICATE_METHOD_MATCH = YES;
				CODE_SIGN_IDENTITY = "iPhone Developer";
				COPY_PHASE_STRIP = NO;
				DEBUG_INFORMATION_FORMAT = dwarf;
				ENABLE_STRICT_OBJC_MSGSEND = YES;
				ENABLE_TESTABILITY = YES;
				GCC_C_LANGUAGE_STANDARD = gnu11;
				GCC_DYNAMIC_NO_PIC = NO;
				GCC_NO_COMMON_BLOCKS = YES;
				GCC_OPTIMIZATION_LEVEL = 0;
				GCC_PREPROCESSOR_DEFINITIONS = (
					"DEBUG=1",
					"$(inherited)",
				);
				GCC_WARN_64_TO_32_BIT_CONVERSION = YES;
				GCC_WARN_ABOUT_RETURN_TYPE = YES_ERROR;
				GCC_WARN_UNDECLARED_SELECTOR = YES;
				GCC_WARN_UNINITIALIZED_AUTOS = YES_AGGRESSIVE;
				GCC_WARN_UNUSED_FUNCTION = YES;
				GCC_WARN_UNUSED_VARIABLE = YES;
				IPHONEOS_DEPLOYMENT_TARGET = 11.3;
				MTL_ENABLE_DEBUG_INFO = YES;
				ONLY_ACTIVE_ARCH = YES;
				SDKROOT = iphoneos;
			};
			name = Debug;
		};
		0D963C2520A6F2500015425B /* Release */ = {
			isa = XCBuildConfiguration;
			buildSettings = {
				ALWAYS_SEARCH_USER_PATHS = NO;
				CLANG_ANALYZER_NONNULL = YES;
				CLANG_ANALYZER_NUMBER_OBJECT_CONVERSION = YES_AGGRESSIVE;
				CLANG_CXX_LANGUAGE_STANDARD = "gnu++14";
				CLANG_CXX_LIBRARY = "libc++";
				CLANG_ENABLE_MODULES = YES;
				CLANG_ENABLE_OBJC_ARC = YES;
				CLANG_ENABLE_OBJC_WEAK = YES;
				CLANG_WARN_BLOCK_CAPTURE_AUTORELEASING = YES;
				CLANG_WARN_BOOL_CONVERSION = YES;
				CLANG_WARN_COMMA = YES;
				CLANG_WARN_CONSTANT_CONVERSION = YES;
				CLANG_WARN_DEPRECATED_OBJC_IMPLEMENTATIONS = YES;
				CLANG_WARN_DIRECT_OBJC_ISA_USAGE = YES_ERROR;
				CLANG_WARN_DOCUMENTATION_COMMENTS = YES;
				CLANG_WARN_EMPTY_BODY = YES;
				CLANG_WARN_ENUM_CONVERSION = YES;
				CLANG_WARN_INFINITE_RECURSION = YES;
				CLANG_WARN_INT_CONVERSION = YES;
				CLANG_WARN_NON_LITERAL_NULL_CONVERSION = YES;
				CLANG_WARN_OBJC_IMPLICIT_RETAIN_SELF = YES;
				CLANG_WARN_OBJC_LITERAL_CONVERSION = YES;
				CLANG_WARN_OBJC_ROOT_CLASS = YES_ERROR;
				CLANG_WARN_RANGE_LOOP_ANALYSIS = YES;
				CLANG_WARN_STRICT_PROTOTYPES = YES;
				CLANG_WARN_SUSPICIOUS_MOVE = YES;
				CLANG_WARN_UNGUARDED_AVAILABILITY = YES_AGGRESSIVE;
				CLANG_WARN_UNREACHABLE_CODE = YES;
				CLANG_WARN__DUPLICATE_METHOD_MATCH = YES;
				CODE_SIGN_IDENTITY = "iPhone Developer";
				COPY_PHASE_STRIP = NO;
				DEBUG_INFORMATION_FORMAT = "dwarf-with-dsym";
				ENABLE_NS_ASSERTIONS = NO;
				ENABLE_STRICT_OBJC_MSGSEND = YES;
				GCC_C_LANGUAGE_STANDARD = gnu11;
				GCC_NO_COMMON_BLOCKS = YES;
				GCC_WARN_64_TO_32_BIT_CONVERSION = YES;
				GCC_WARN_ABOUT_RETURN_TYPE = YES_ERROR;
				GCC_WARN_UNDECLARED_SELECTOR = YES;
				GCC_WARN_UNINITIALIZED_AUTOS = YES_AGGRESSIVE;
				GCC_WARN_UNUSED_FUNCTION = YES;
				GCC_WARN_UNUSED_VARIABLE = YES;
				IPHONEOS_DEPLOYMENT_TARGET = 11.3;
				MTL_ENABLE_DEBUG_INFO = NO;
				SDKROOT = iphoneos;
				VALIDATE_PRODUCT = YES;
			};
			name = Release;
		};
		0D963C2720A6F2500015425B /* Debug */ = {
			isa = XCBuildConfiguration;
			buildSettings = {
				ASSETCATALOG_COMPILER_APPICON_NAME = AppIcon;
				CODE_SIGN_STYLE = Automatic;
				DEVELOPMENT_TEAM = U65B3Q3J5L;
				INFOPLIST_FILE = Mood/Info.plist;
				LD_RUNPATH_SEARCH_PATHS = (
					"$(inherited)",
					"@executable_path/Frameworks",
				);
				PRODUCT_BUNDLE_IDENTIFIER = com.juanlara.Mood;
				PRODUCT_NAME = "$(TARGET_NAME)";
				TARGETED_DEVICE_FAMILY = "1,2";
			};
			name = Debug;
		};
		0D963C2820A6F2500015425B /* Release */ = {
			isa = XCBuildConfiguration;
			buildSettings = {
				ASSETCATALOG_COMPILER_APPICON_NAME = AppIcon;
				CODE_SIGN_STYLE = Automatic;
				DEVELOPMENT_TEAM = U65B3Q3J5L;
				INFOPLIST_FILE = Mood/Info.plist;
				LD_RUNPATH_SEARCH_PATHS = (
					"$(inherited)",
					"@executable_path/Frameworks",
				);
				PRODUCT_BUNDLE_IDENTIFIER = com.juanlara.Mood;
				PRODUCT_NAME = "$(TARGET_NAME)";
				TARGETED_DEVICE_FAMILY = "1,2";
			};
			name = Release;
		};
		0D963C2A20A6F2500015425B /* Debug */ = {
			isa = XCBuildConfiguration;
			buildSettings = {
				BUNDLE_LOADER = "$(TEST_HOST)";
				CODE_SIGN_STYLE = Automatic;
				DEVELOPMENT_TEAM = U65B3Q3J5L;
				INFOPLIST_FILE = MoodTests/Info.plist;
				LD_RUNPATH_SEARCH_PATHS = (
					"$(inherited)",
					"@executable_path/Frameworks",
					"@loader_path/Frameworks",
				);
				PRODUCT_BUNDLE_IDENTIFIER = com.juanlara.MoodTests;
				PRODUCT_NAME = "$(TARGET_NAME)";
				TARGETED_DEVICE_FAMILY = "1,2";
				TEST_HOST = "$(BUILT_PRODUCTS_DIR)/Mood.app/Mood";
			};
			name = Debug;
		};
		0D963C2B20A6F2500015425B /* Release */ = {
			isa = XCBuildConfiguration;
			buildSettings = {
				BUNDLE_LOADER = "$(TEST_HOST)";
				CODE_SIGN_STYLE = Automatic;
				DEVELOPMENT_TEAM = U65B3Q3J5L;
				INFOPLIST_FILE = MoodTests/Info.plist;
				LD_RUNPATH_SEARCH_PATHS = (
					"$(inherited)",
					"@executable_path/Frameworks",
					"@loader_path/Frameworks",
				);
				PRODUCT_BUNDLE_IDENTIFIER = com.juanlara.MoodTests;
				PRODUCT_NAME = "$(TARGET_NAME)";
				TARGETED_DEVICE_FAMILY = "1,2";
				TEST_HOST = "$(BUILT_PRODUCTS_DIR)/Mood.app/Mood";
			};
			name = Release;
		};
		0D963C2D20A6F2500015425B /* Debug */ = {
			isa = XCBuildConfiguration;
			buildSettings = {
				CODE_SIGN_STYLE = Automatic;
				DEVELOPMENT_TEAM = U65B3Q3J5L;
				INFOPLIST_FILE = MoodUITests/Info.plist;
				LD_RUNPATH_SEARCH_PATHS = (
					"$(inherited)",
					"@executable_path/Frameworks",
					"@loader_path/Frameworks",
				);
				PRODUCT_BUNDLE_IDENTIFIER = com.juanlara.MoodUITests;
				PRODUCT_NAME = "$(TARGET_NAME)";
				TARGETED_DEVICE_FAMILY = "1,2";
				TEST_TARGET_NAME = Mood;
			};
			name = Debug;
		};
		0D963C2E20A6F2500015425B /* Release */ = {
			isa = XCBuildConfiguration;
			buildSettings = {
				CODE_SIGN_STYLE = Automatic;
				DEVELOPMENT_TEAM = U65B3Q3J5L;
				INFOPLIST_FILE = MoodUITests/Info.plist;
				LD_RUNPATH_SEARCH_PATHS = (
					"$(inherited)",
					"@executable_path/Frameworks",
					"@loader_path/Frameworks",
				);
				PRODUCT_BUNDLE_IDENTIFIER = com.juanlara.MoodUITests;
				PRODUCT_NAME = "$(TARGET_NAME)";
				TARGETED_DEVICE_FAMILY = "1,2";
				TEST_TARGET_NAME = Mood;
			};
			name = Release;
		};
/* End XCBuildConfiguration section */

/* Begin XCConfigurationList section */
		0D963BF520A6F24E0015425B /* Build configuration list for PBXProject "Mood" */ = {
			isa = XCConfigurationList;
			buildConfigurations = (
				0D963C2420A6F2500015425B /* Debug */,
				0D963C2520A6F2500015425B /* Release */,
			);
			defaultConfigurationIsVisible = 0;
			defaultConfigurationName = Release;
		};
		0D963C2620A6F2500015425B /* Build configuration list for PBXNativeTarget "Mood" */ = {
			isa = XCConfigurationList;
			buildConfigurations = (
				0D963C2720A6F2500015425B /* Debug */,
				0D963C2820A6F2500015425B /* Release */,
			);
			defaultConfigurationIsVisible = 0;
			defaultConfigurationName = Release;
		};
		0D963C2920A6F2500015425B /* Build configuration list for PBXNativeTarget "MoodTests" */ = {
			isa = XCConfigurationList;
			buildConfigurations = (
				0D963C2A20A6F2500015425B /* Debug */,
				0D963C2B20A6F2500015425B /* Release */,
			);
			defaultConfigurationIsVisible = 0;
			defaultConfigurationName = Release;
		};
		0D963C2C20A6F2500015425B /* Build configuration list for PBXNativeTarget "MoodUITests" */ = {
			isa = XCConfigurationList;
			buildConfigurations = (
				0D963C2D20A6F2500015425B /* Debug */,
				0D963C2E20A6F2500015425B /* Release */,
			);
			defaultConfigurationIsVisible = 0;
			defaultConfigurationName = Release;
		};
/* End XCConfigurationList section */
	};
	rootObject = 0D963BF220A6F24E0015425B /* Project object */;
}
